// !$*UTF8*$!
{
	archiveVersion = 1;
	classes = {
	};
	objectVersion = 77;
	objects = {

/* Begin PBXContainerItemProxy section */
		66054EF32DDC7B92002FF4A8 /* PBXContainerItemProxy */ = {
			isa = PBXContainerItemProxy;
			containerPortal = 66054ED42DDC7B91002FF4A8 /* Project object */;
			proxyType = 1;
			remoteGlobalIDString = 66054EDB2DDC7B91002FF4A8;
			remoteInfo = Climate;
		};
		66054EFD2DDC7B92002FF4A8 /* PBXContainerItemProxy */ = {
			isa = PBXContainerItemProxy;
			containerPortal = 66054ED42DDC7B91002FF4A8 /* Project object */;
			proxyType = 1;
			remoteGlobalIDString = 66054EDB2DDC7B91002FF4A8;
			remoteInfo = Climate;
		};
/* End PBXContainerItemProxy section */

/* Begin PBXFileReference section */
		66054EDC2DDC7B91002FF4A8 /* Climate.app */ = {isa = PBXFileReference; explicitFileType = wrapper.application; includeInIndex = 0; path = Climate.app; sourceTree = BUILT_PRODUCTS_DIR; };
		66054EF22DDC7B92002FF4A8 /* ClimateTests.xctest */ = {isa = PBXFileReference; explicitFileType = wrapper.cfbundle; includeInIndex = 0; path = ClimateTests.xctest; sourceTree = BUILT_PRODUCTS_DIR; };
		66054EFC2DDC7B92002FF4A8 /* ClimateUITests.xctest */ = {isa = PBXFileReference; explicitFileType = wrapper.cfbundle; includeInIndex = 0; path = ClimateUITests.xctest; sourceTree = BUILT_PRODUCTS_DIR; };
/* End PBXFileReference section */

/* Begin PBXFileSystemSynchronizedBuildFileExceptionSet section */
		66054F042DDC7B92002FF4A8 /* Exceptions for "Climate" folder in "Climate" target */ = {
			isa = PBXFileSystemSynchronizedBuildFileExceptionSet;
			membershipExceptions = (
				Info.plist,
			);
			target = 66054EDB2DDC7B91002FF4A8 /* Climate */;
		};
/* End PBXFileSystemSynchronizedBuildFileExceptionSet section */

/* Begin PBXFileSystemSynchronizedRootGroup section */
		66054EDE2DDC7B91002FF4A8 /* Climate */ = {
			isa = PBXFileSystemSynchronizedRootGroup;
			exceptions = (
				66054F042DDC7B92002FF4A8 /* Exceptions for "Climate" folder in "Climate" target */,
			);
			path = Climate;
			sourceTree = "<group>";
		};
		66054EF52DDC7B92002FF4A8 /* ClimateTests */ = {
			isa = PBXFileSystemSynchronizedRootGroup;
			path = ClimateTests;
			sourceTree = "<group>";
		};
		66054EFF2DDC7B92002FF4A8 /* ClimateUITests */ = {
			isa = PBXFileSystemSynchronizedRootGroup;
			path = ClimateUITests;
			sourceTree = "<group>";
		};
/* End PBXFileSystemSynchronizedRootGroup section */

/* Begin PBXFrameworksBuildPhase section */
		66054ED92DDC7B91002FF4A8 /* Frameworks */ = {
			isa = PBXFrameworksBuildPhase;
			buildActionMask = 2147483647;
			files = (
			);
			runOnlyForDeploymentPostprocessing = 0;
		};
		66054EEF2DDC7B92002FF4A8 /* Frameworks */ = {
			isa = PBXFrameworksBuildPhase;
			buildActionMask = 2147483647;
			files = (
			);
			runOnlyForDeploymentPostprocessing = 0;
		};
		66054EF92DDC7B92002FF4A8 /* Frameworks */ = {
			isa = PBXFrameworksBuildPhase;
			buildActionMask = 2147483647;
			files = (
			);
			runOnlyForDeploymentPostprocessing = 0;
		};
/* End PBXFrameworksBuildPhase section */

/* Begin PBXGroup section */
		66054ED32DDC7B91002FF4A8 = {
			isa = PBXGroup;
			children = (
				66054EDE2DDC7B91002FF4A8 /* Climate */,
				66054EF52DDC7B92002FF4A8 /* ClimateTests */,
				66054EFF2DDC7B92002FF4A8 /* ClimateUITests */,
				66054EDD2DDC7B91002FF4A8 /* Products */,
			);
			sourceTree = "<group>";
		};
		66054EDD2DDC7B91002FF4A8 /* Products */ = {
			isa = PBXGroup;
			children = (
				66054EDC2DDC7B91002FF4A8 /* Climate.app */,
				66054EF22DDC7B92002FF4A8 /* ClimateTests.xctest */,
				66054EFC2DDC7B92002FF4A8 /* ClimateUITests.xctest */,
			);
			name = Products;
			sourceTree = "<group>";
		};
/* End PBXGroup section */

/* Begin PBXNativeTarget section */
		66054EDB2DDC7B91002FF4A8 /* Climate */ = {
			isa = PBXNativeTarget;
			buildConfigurationList = 66054F052DDC7B92002FF4A8 /* Build configuration list for PBXNativeTarget "Climate" */;
			buildPhases = (
				66054ED82DDC7B91002FF4A8 /* Sources */,
				66054ED92DDC7B91002FF4A8 /* Frameworks */,
				66054EDA2DDC7B91002FF4A8 /* Resources */,
			);
			buildRules = (
			);
			dependencies = (
			);
			fileSystemSynchronizedGroups = (
				66054EDE2DDC7B91002FF4A8 /* Climate */,
			);
			name = Climate;
			packageProductDependencies = (
			);
			productName = Climate;
			productReference = 66054EDC2DDC7B91002FF4A8 /* Climate.app */;
			productType = "com.apple.product-type.application";
		};
		66054EF12DDC7B92002FF4A8 /* ClimateTests */ = {
			isa = PBXNativeTarget;
			buildConfigurationList = 66054F0A2DDC7B92002FF4A8 /* Build configuration list for PBXNativeTarget "ClimateTests" */;
			buildPhases = (
				66054EEE2DDC7B92002FF4A8 /* Sources */,
				66054EEF2DDC7B92002FF4A8 /* Frameworks */,
				66054EF02DDC7B92002FF4A8 /* Resources */,
			);
			buildRules = (
			);
			dependencies = (
				66054EF42DDC7B92002FF4A8 /* PBXTargetDependency */,
			);
			fileSystemSynchronizedGroups = (
				66054EF52DDC7B92002FF4A8 /* ClimateTests */,
			);
			name = ClimateTests;
			packageProductDependencies = (
			);
			productName = ClimateTests;
			productReference = 66054EF22DDC7B92002FF4A8 /* ClimateTests.xctest */;
			productType = "com.apple.product-type.bundle.unit-test";
		};
		66054EFB2DDC7B92002FF4A8 /* ClimateUITests */ = {
			isa = PBXNativeTarget;
			buildConfigurationList = 66054F0D2DDC7B92002FF4A8 /* Build configuration list for PBXNativeTarget "ClimateUITests" */;
			buildPhases = (
				66054EF82DDC7B92002FF4A8 /* Sources */,
				66054EF92DDC7B92002FF4A8 /* Frameworks */,
				66054EFA2DDC7B92002FF4A8 /* Resources */,
			);
			buildRules = (
			);
			dependencies = (
				66054EFE2DDC7B92002FF4A8 /* PBXTargetDependency */,
			);
			fileSystemSynchronizedGroups = (
				66054EFF2DDC7B92002FF4A8 /* ClimateUITests */,
			);
			name = ClimateUITests;
			packageProductDependencies = (
			);
			productName = ClimateUITests;
			productReference = 66054EFC2DDC7B92002FF4A8 /* ClimateUITests.xctest */;
			productType = "com.apple.product-type.bundle.ui-testing";
		};
/* End PBXNativeTarget section */

/* Begin PBXProject section */
		66054ED42DDC7B91002FF4A8 /* Project object */ = {
			isa = PBXProject;
			attributes = {
				BuildIndependentTargetsInParallel = 1;
				LastSwiftUpdateCheck = 1630;
				LastUpgradeCheck = 1630;
				TargetAttributes = {
					66054EDB2DDC7B91002FF4A8 = {
						CreatedOnToolsVersion = 16.3;
					};
					66054EF12DDC7B92002FF4A8 = {
						CreatedOnToolsVersion = 16.3;
						TestTargetID = 66054EDB2DDC7B91002FF4A8;
					};
					66054EFB2DDC7B92002FF4A8 = {
						CreatedOnToolsVersion = 16.3;
						TestTargetID = 66054EDB2DDC7B91002FF4A8;
					};
				};
			};
			buildConfigurationList = 66054ED72DDC7B91002FF4A8 /* Build configuration list for PBXProject "Climate" */;
			developmentRegion = en;
			hasScannedForEncodings = 0;
			knownRegions = (
				en,
				Base,
			);
			mainGroup = 66054ED32DDC7B91002FF4A8;
			minimizedProjectReferenceProxies = 1;
			preferredProjectObjectVersion = 77;
			productRefGroup = 66054EDD2DDC7B91002FF4A8 /* Products */;
			projectDirPath = "";
			projectRoot = "";
			targets = (
				66054EDB2DDC7B91002FF4A8 /* Climate */,
				66054EF12DDC7B92002FF4A8 /* ClimateTests */,
				66054EFB2DDC7B92002FF4A8 /* ClimateUITests */,
			);
		};
/* End PBXProject section */

/* Begin PBXResourcesBuildPhase section */
		66054EDA2DDC7B91002FF4A8 /* Resources */ = {
			isa = PBXResourcesBuildPhase;
			buildActionMask = 2147483647;
			files = (
			);
			runOnlyForDeploymentPostprocessing = 0;
		};
		66054EF02DDC7B92002FF4A8 /* Resources */ = {
			isa = PBXResourcesBuildPhase;
			buildActionMask = 2147483647;
			files = (
			);
			runOnlyForDeploymentPostprocessing = 0;
		};
		66054EFA2DDC7B92002FF4A8 /* Resources */ = {
			isa = PBXResourcesBuildPhase;
			buildActionMask = 2147483647;
			files = (
			);
			runOnlyForDeploymentPostprocessing = 0;
		};
/* End PBXResourcesBuildPhase section */

/* Begin PBXSourcesBuildPhase section */
		66054ED82DDC7B91002FF4A8 /* Sources */ = {
			isa = PBXSourcesBuildPhase;
			buildActionMask = 2147483647;
			files = (
			);
			runOnlyForDeploymentPostprocessing = 0;
		};
		66054EEE2DDC7B92002FF4A8 /* Sources */ = {
			isa = PBXSourcesBuildPhase;
			buildActionMask = 2147483647;
			files = (
			);
			runOnlyForDeploymentPostprocessing = 0;
		};
		66054EF82DDC7B92002FF4A8 /* Sources */ = {
			isa = PBXSourcesBuildPhase;
			buildActionMask = 2147483647;
			files = (
			);
			runOnlyForDeploymentPostprocessing = 0;
		};
/* End PBXSourcesBuildPhase section */

/* Begin PBXTargetDependency section */
		66054EF42DDC7B92002FF4A8 /* PBXTargetDependency */ = {
			isa = PBXTargetDependency;
			target = 66054EDB2DDC7B91002FF4A8 /* Climate */;
			targetProxy = 66054EF32DDC7B92002FF4A8 /* PBXContainerItemProxy */;
		};
		66054EFE2DDC7B92002FF4A8 /* PBXTargetDependency */ = {
			isa = PBXTargetDependency;
			target = 66054EDB2DDC7B91002FF4A8 /* Climate */;
			targetProxy = 66054EFD2DDC7B92002FF4A8 /* PBXContainerItemProxy */;
		};
/* End PBXTargetDependency section */

/* Begin XCBuildConfiguration section */
		66054F062DDC7B92002FF4A8 /* Debug */ = {
			isa = XCBuildConfiguration;
			buildSettings = {
				ASSETCATALOG_COMPILER_APPICON_NAME = AppIcon;
				ASSETCATALOG_COMPILER_GLOBAL_ACCENT_COLOR_NAME = AccentColor;
				CODE_SIGN_STYLE = Automatic;
				CURRENT_PROJECT_VERSION = 1;
				DEVELOPMENT_TEAM = ZRZ3S4BU85;
				GENERATE_INFOPLIST_FILE = YES;
				INFOPLIST_FILE = Climate/Info.plist;
				INFOPLIST_KEY_CFBundleDisplayName = Climate;
				INFOPLIST_KEY_LSApplicationCategoryType = "public.app-category.weather";
				INFOPLIST_KEY_UIApplicationSupportsIndirectInputEvents = YES;
				INFOPLIST_KEY_UILaunchStoryboardName = LaunchScreen;
				INFOPLIST_KEY_UIMainStoryboardFile = Main;
				INFOPLIST_KEY_UISupportedInterfaceOrientations_iPad = "UIInterfaceOrientationPortrait UIInterfaceOrientationPortraitUpsideDown UIInterfaceOrientationLandscapeLeft UIInterfaceOrientationLandscapeRight";
				INFOPLIST_KEY_UISupportedInterfaceOrientations_iPhone = "UIInterfaceOrientationPortrait UIInterfaceOrientationLandscapeLeft UIInterfaceOrientationLandscapeRight";
				IPHONEOS_DEPLOYMENT_TARGET = 15.6;
				LD_RUNPATH_SEARCH_PATHS = (
					"$(inherited)",
					"@executable_path/Frameworks",
				);
				MARKETING_VERSION = 1.0;
				PRODUCT_BUNDLE_IDENTIFIER = com.shivappz.Climate;
				PRODUCT_NAME = "$(TARGET_NAME)";
				SWIFT_EMIT_LOC_STRINGS = YES;
				SWIFT_VERSION = 5.0;
				TARGETED_DEVICE_FAMILY = "1,2";
			};
			name = Debug;
		};
		66054F072DDC7B92002FF4A8 /* Release */ = {
			isa = XCBuildConfiguration;
			buildSettings = {
				ASSETCATALOG_COMPILER_APPICON_NAME = AppIcon;
				ASSETCATALOG_COMPILER_GLOBAL_ACCENT_COLOR_NAME = AccentColor;
				CODE_SIGN_STYLE = Automatic;
				CURRENT_PROJECT_VERSION = 1;
				DEVELOPMENT_TEAM = ZRZ3S4BU85;
				GENERATE_INFOPLIST_FILE = YES;
				INFOPLIST_FILE = Climate/Info.plist;
				INFOPLIST_KEY_CFBundleDisplayName = Climate;
				INFOPLIST_KEY_LSApplicationCategoryType = "public.app-category.weather";
				INFOPLIST_KEY_UIApplicationSupportsIndirectInputEvents = YES;
				INFOPLIST_KEY_UILaunchStoryboardName = LaunchScreen;
				INFOPLIST_KEY_UIMainStoryboardFile = Main;
				INFOPLIST_KEY_UISupportedInterfaceOrientations_iPad = "UIInterfaceOrientationPortrait UIInterfaceOrientationPortraitUpsideDown UIInterfaceOrientationLandscapeLeft UIInterfaceOrientationLandscapeRight";
				INFOPLIST_KEY_UISupportedInterfaceOrientations_iPhone = "UIInterfaceOrientationPortrait UIInterfaceOrientationLandscapeLeft UIInterfaceOrientationLandscapeRight";
				IPHONEOS_DEPLOYMENT_TARGET = 15.6;
				LD_RUNPATH_SEARCH_PATHS = (
					"$(inherited)",
					"@executable_path/Frameworks",
				);
				MARKETING_VERSION = 1.0;
				PRODUCT_BUNDLE_IDENTIFIER = com.shivappz.Climate;
				PRODUCT_NAME = "$(TARGET_NAME)";
				SWIFT_EMIT_LOC_STRINGS = YES;
				SWIFT_VERSION = 5.0;
				TARGETED_DEVICE_FAMILY = "1,2";
			};
			name = Release;
		};
		66054F082DDC7B92002FF4A8 /* Debug */ = {
			isa = XCBuildConfiguration;
			buildSettings = {
				ALWAYS_SEARCH_USER_PATHS = NO;
				ASSETCATALOG_COMPILER_GENERATE_SWIFT_ASSET_SYMBOL_EXTENSIONS = YES;
				CLANG_ANALYZER_NONNULL = YES;
				CLANG_ANALYZER_NUMBER_OBJECT_CONVERSION = YES_AGGRESSIVE;
				CLANG_CXX_LANGUAGE_STANDARD = "gnu++20";
				CLANG_ENABLE_MODULES = YES;
				CLANG_ENABLE_OBJC_ARC = YES;
				CLANG_ENABLE_OBJC_WEAK = YES;
				CLANG_WARN_BLOCK_CAPTURE_AUTORELEASING = YES;
				CLANG_WARN_BOOL_CONVERSION = YES;
				CLANG_WARN_COMMA = YES;
				CLANG_WARN_CONSTANT_CONVERSION = YES;
				CLANG_WARN_DEPRECATED_OBJC_IMPLEMENTATIONS = YES;
				CLANG_WARN_DIRECT_OBJC_ISA_USAGE = YES_ERROR;
				CLANG_WARN_DOCUMENTATION_COMMENTS = YES;
				CLANG_WARN_EMPTY_BODY = YES;
				CLANG_WARN_ENUM_CONVERSION = YES;
				CLANG_WARN_INFINITE_RECURSION = YES;
				CLANG_WARN_INT_CONVERSION = YES;
				CLANG_WARN_NON_LITERAL_NULL_CONVERSION = YES;
				CLANG_WARN_OBJC_IMPLICIT_RETAIN_SELF = YES;
				CLANG_WARN_OBJC_LITERAL_CONVERSION = YES;
				CLANG_WARN_OBJC_ROOT_CLASS = YES_ERROR;
				CLANG_WARN_QUOTED_INCLUDE_IN_FRAMEWORK_HEADER = YES;
				CLANG_WARN_RANGE_LOOP_ANALYSIS = YES;
				CLANG_WARN_STRICT_PROTOTYPES = YES;
				CLANG_WARN_SUSPICIOUS_MOVE = YES;
				CLANG_WARN_UNGUARDED_AVAILABILITY = YES_AGGRESSIVE;
				CLANG_WARN_UNREACHABLE_CODE = YES;
				CLANG_WARN__DUPLICATE_METHOD_MATCH = YES;
				COPY_PHASE_STRIP = NO;
				DEBUG_INFORMATION_FORMAT = dwarf;
				DEVELOPMENT_TEAM = ZRZ3S4BU85;
				ENABLE_STRICT_OBJC_MSGSEND = YES;
				ENABLE_TESTABILITY = YES;
				ENABLE_USER_SCRIPT_SANDBOXING = YES;
				GCC_C_LANGUAGE_STANDARD = gnu17;
				GCC_DYNAMIC_NO_PIC = NO;
				GCC_NO_COMMON_BLOCKS = YES;
				GCC_OPTIMIZATION_LEVEL = 0;
				GCC_PREPROCESSOR_DEFINITIONS = (
					"DEBUG=1",
					"$(inherited)",
				);
				GCC_WARN_64_TO_32_BIT_CONVERSION = YES;
				GCC_WARN_ABOUT_RETURN_TYPE = YES_ERROR;
				GCC_WARN_UNDECLARED_SELECTOR = YES;
				GCC_WARN_UNINITIALIZED_AUTOS = YES_AGGRESSIVE;
				GCC_WARN_UNUSED_FUNCTION = YES;
				GCC_WARN_UNUSED_VARIABLE = YES;
				IPHONEOS_DEPLOYMENT_TARGET = 18.4;
				LOCALIZATION_PREFERS_STRING_CATALOGS = YES;
				MTL_ENABLE_DEBUG_INFO = INCLUDE_SOURCE;
				MTL_FAST_MATH = YES;
				ONLY_ACTIVE_ARCH = YES;
				SDKROOT = iphoneos;
				SWIFT_ACTIVE_COMPILATION_CONDITIONS = "DEBUG $(inherited)";
				SWIFT_OPTIMIZATION_LEVEL = "-Onone";
			};
			name = Debug;
		};
		66054F092DDC7B92002FF4A8 /* Release */ = {
			isa = XCBuildConfiguration;
			buildSettings = {
				ALWAYS_SEARCH_USER_PATHS = NO;
				ASSETCATALOG_COMPILER_GENERATE_SWIFT_ASSET_SYMBOL_EXTENSIONS = YES;
				CLANG_ANALYZER_NONNULL = YES;
				CLANG_ANALYZER_NUMBER_OBJECT_CONVERSION = YES_AGGRESSIVE;
				CLANG_CXX_LANGUAGE_STANDARD = "gnu++20";
				CLANG_ENABLE_MODULES = YES;
				CLANG_ENABLE_OBJC_ARC = YES;
				CLANG_ENABLE_OBJC_WEAK = YES;
				CLANG_WARN_BLOCK_CAPTURE_AUTORELEASING = YES;
				CLANG_WARN_BOOL_CONVERSION = YES;
				CLANG_WARN_COMMA = YES;
				CLANG_WARN_CONSTANT_CONVERSION = YES;
				CLANG_WARN_DEPRECATED_OBJC_IMPLEMENTATIONS = YES;
				CLANG_WARN_DIRECT_OBJC_ISA_USAGE = YES_ERROR;
				CLANG_WARN_DOCUMENTATION_COMMENTS = YES;
				CLANG_WARN_EMPTY_BODY = YES;
				CLANG_WARN_ENUM_CONVERSION = YES;
				CLANG_WARN_INFINITE_RECURSION = YES;
				CLANG_WARN_INT_CONVERSION = YES;
				CLANG_WARN_NON_LITERAL_NULL_CONVERSION = YES;
				CLANG_WARN_OBJC_IMPLICIT_RETAIN_SELF = YES;
				CLANG_WARN_OBJC_LITERAL_CONVERSION = YES;
				CLANG_WARN_OBJC_ROOT_CLASS = YES_ERROR;
				CLANG_WARN_QUOTED_INCLUDE_IN_FRAMEWORK_HEADER = YES;
				CLANG_WARN_RANGE_LOOP_ANALYSIS = YES;
				CLANG_WARN_STRICT_PROTOTYPES = YES;
				CLANG_WARN_SUSPICIOUS_MOVE = YES;
				CLANG_WARN_UNGUARDED_AVAILABILITY = YES_AGGRESSIVE;
				CLANG_WARN_UNREACHABLE_CODE = YES;
				CLANG_WARN__DUPLICATE_METHOD_MATCH = YES;
				COPY_PHASE_STRIP = NO;
				DEBUG_INFORMATION_FORMAT = "dwarf-with-dsym";
				DEVELOPMENT_TEAM = ZRZ3S4BU85;
				ENABLE_NS_ASSERTIONS = NO;
				ENABLE_STRICT_OBJC_MSGSEND = YES;
				ENABLE_USER_SCRIPT_SANDBOXING = YES;
				GCC_C_LANGUAGE_STANDARD = gnu17;
				GCC_NO_COMMON_BLOCKS = YES;
				GCC_WARN_64_TO_32_BIT_CONVERSION = YES;
				GCC_WARN_ABOUT_RETURN_TYPE = YES_ERROR;
				GCC_WARN_UNDECLARED_SELECTOR = YES;
				GCC_WARN_UNINITIALIZED_AUTOS = YES_AGGRESSIVE;
				GCC_WARN_UNUSED_FUNCTION = YES;
				GCC_WARN_UNUSED_VARIABLE = YES;
				IPHONEOS_DEPLOYMENT_TARGET = 18.4;
				LOCALIZATION_PREFERS_STRING_CATALOGS = YES;
				MTL_ENABLE_DEBUG_INFO = NO;
				MTL_FAST_MATH = YES;
				SDKROOT = iphoneos;
				SWIFT_COMPILATION_MODE = wholemodule;
				VALIDATE_PRODUCT = YES;
			};
			name = Release;
		};
		66054F0B2DDC7B92002FF4A8 /* Debug */ = {
			isa = XCBuildConfiguration;
			buildSettings = {
				BUNDLE_LOADER = "$(TEST_HOST)";
				CODE_SIGN_STYLE = Automatic;
				CURRENT_PROJECT_VERSION = 1;
				DEVELOPMENT_TEAM = ZRZ3S4BU85;
				GENERATE_INFOPLIST_FILE = YES;
				IPHONEOS_DEPLOYMENT_TARGET = 18.4;
				MARKETING_VERSION = 1.0;
				PRODUCT_BUNDLE_IDENTIFIER = com.shivappz.ClimateTests;
				PRODUCT_NAME = "$(TARGET_NAME)";
				SWIFT_EMIT_LOC_STRINGS = NO;
				SWIFT_VERSION = 5.0;
				TARGETED_DEVICE_FAMILY = "1,2";
				TEST_HOST = "$(BUILT_PRODUCTS_DIR)/Climate.app/$(BUNDLE_EXECUTABLE_FOLDER_PATH)/Climate";
			};
			name = Debug;
		};
		66054F0C2DDC7B92002FF4A8 /* Release */ = {
			isa = XCBuildConfiguration;
			buildSettings = {
				BUNDLE_LOADER = "$(TEST_HOST)";
				CODE_SIGN_STYLE = Automatic;
				CURRENT_PROJECT_VERSION = 1;
				DEVELOPMENT_TEAM = ZRZ3S4BU85;
				GENERATE_INFOPLIST_FILE = YES;
				IPHONEOS_DEPLOYMENT_TARGET = 18.4;
				MARKETING_VERSION = 1.0;
				PRODUCT_BUNDLE_IDENTIFIER = com.shivappz.ClimateTests;
				PRODUCT_NAME = "$(TARGET_NAME)";
				SWIFT_EMIT_LOC_STRINGS = NO;
				SWIFT_VERSION = 5.0;
				TARGETED_DEVICE_FAMILY = "1,2";
				TEST_HOST = "$(BUILT_PRODUCTS_DIR)/Climate.app/$(BUNDLE_EXECUTABLE_FOLDER_PATH)/Climate";
			};
			name = Release;
		};
		66054F0E2DDC7B92002FF4A8 /* Debug */ = {
			isa = XCBuildConfiguration;
			buildSettings = {
				CODE_SIGN_STYLE = Automatic;
				CURRENT_PROJECT_VERSION = 1;
				DEVELOPMENT_TEAM = ZRZ3S4BU85;
				GENERATE_INFOPLIST_FILE = YES;
				MARKETING_VERSION = 1.0;
				PRODUCT_BUNDLE_IDENTIFIER = com.shivappz.ClimateUITests;
				PRODUCT_NAME = "$(TARGET_NAME)";
				SWIFT_EMIT_LOC_STRINGS = NO;
				SWIFT_VERSION = 5.0;
				TARGETED_DEVICE_FAMILY = "1,2";
				TEST_TARGET_NAME = Climate;
			};
			name = Debug;
		};
		66054F0F2DDC7B92002FF4A8 /* Release */ = {
			isa = XCBuildConfiguration;
			buildSettings = {
				CODE_SIGN_STYLE = Automatic;
				CURRENT_PROJECT_VERSION = 1;
				DEVELOPMENT_TEAM = ZRZ3S4BU85;
				GENERATE_INFOPLIST_FILE = YES;
				MARKETING_VERSION = 1.0;
				PRODUCT_BUNDLE_IDENTIFIER = com.shivappz.ClimateUITests;
				PRODUCT_NAME = "$(TARGET_NAME)";
				SWIFT_EMIT_LOC_STRINGS = NO;
				SWIFT_VERSION = 5.0;
				TARGETED_DEVICE_FAMILY = "1,2";
				TEST_TARGET_NAME = Climate;
			};
			name = Release;
		};
/* End XCBuildConfiguration section */

/* Begin XCConfigurationList section */
		66054ED72DDC7B91002FF4A8 /* Build configuration list for PBXProject "Climate" */ = {
			isa = XCConfigurationList;
			buildConfigurations = (
				66054F082DDC7B92002FF4A8 /* Debug */,
				66054F092DDC7B92002FF4A8 /* Release */,
			);
			defaultConfigurationIsVisible = 0;
			defaultConfigurationName = Release;
		};
		66054F052DDC7B92002FF4A8 /* Build configuration list for PBXNativeTarget "Climate" */ = {
			isa = XCConfigurationList;
			buildConfigurations = (
				66054F062DDC7B92002FF4A8 /* Debug */,
				66054F072DDC7B92002FF4A8 /* Release */,
			);
			defaultConfigurationIsVisible = 0;
			defaultConfigurationName = Release;
		};
		66054F0A2DDC7B92002FF4A8 /* Build configuration list for PBXNativeTarget "ClimateTests" */ = {
			isa = XCConfigurationList;
			buildConfigurations = (
				66054F0B2DDC7B92002FF4A8 /* Debug */,
				66054F0C2DDC7B92002FF4A8 /* Release */,
			);
			defaultConfigurationIsVisible = 0;
			defaultConfigurationName = Release;
		};
		66054F0D2DDC7B92002FF4A8 /* Build configuration list for PBXNativeTarget "ClimateUITests" */ = {
			isa = XCConfigurationList;
			buildConfigurations = (
				66054F0E2DDC7B92002FF4A8 /* Debug */,
				66054F0F2DDC7B92002FF4A8 /* Release */,
			);
			defaultConfigurationIsVisible = 0;
			defaultConfigurationName = Release;
		};
/* End XCConfigurationList section */
	};
	rootObject = 66054ED42DDC7B91002FF4A8 /* Project object */;
}
